
Microsoft Visual Studio Solution File, Format Version 12.00
# Visual Studio Version 16
VisualStudioVersion = 16.0.30611.23
MinimumVisualStudioVersion = 10.0.40219.1
Project("{FAE04EC0-301F-11D3-BF4B-00C04F79EFBC}") = "BookManagment", "BookManagment\BookManagment.csproj", "{CC19F072-F8B7-4447-9B76-658F523E8661}"
EndProject
Global
	GlobalSection(SolutionConfigurationPlatforms) = preSolution
		Debug|Any CPU = Debug|Any CPU
		Release|Any CPU = Release|Any CPU
	EndGlobalSection
	GlobalSection(ProjectConfigurationPlatforms) = postSolution
		{CC19F072-F8B7-4447-9B76-658F523E8661}.Debug|Any CPU.ActiveCfg = Debug|Any CPU
		{CC19F072-F8B7-4447-9B76-658F523E8661}.Debug|Any CPU.Build.0 = Debug|Any CPU
		{CC19F072-F8B7-4447-9B76-658F523E8661}.Release|Any CPU.ActiveCfg = Release|Any CPU
		{CC19F072-F8B7-4447-9B76-658F523E8661}.Release|Any CPU.Build.0 = Release|Any CPU
	EndGlobalSection
	GlobalSection(SolutionProperties) = preSolution
		HideSolutionNode = FALSE
	EndGlobalSection
	GlobalSection(ExtensibilityGlobals) = postSolution
		SolutionGuid = {0FC7F11D-E891-4F03-A2D4-11544A4F28FF}
	EndGlobalSection
EndGlobal
